Microsoft Visual Studio Solution File, Format Version 12.00
# Visual Studio Version 17
VisualStudioVersion = 17.5.2.0
MinimumVisualStudioVersion = 10.0.40219.1
Project("{FAE04EC0-301F-11D3-BF4B-00C04F79EFBC}") = "5 funcion de switch que no funciona", "5 funcion de switch que no funciona.csproj", "{6B211752-AD90-6F97-9691-026CC79CEE13}"
EndProject
Global
	GlobalSection(SolutionConfigurationPlatforms) = preSolution
		Debug|Any CPU = Debug|Any CPU
		Release|Any CPU = Release|Any CPU
	EndGlobalSection
	GlobalSection(ProjectConfigurationPlatforms) = postSolution
		{6B211752-AD90-6F97-9691-026CC79CEE13}.Debug|Any CPU.ActiveCfg = Debug|Any CPU
		{6B211752-AD90-6F97-9691-026CC79CEE13}.Debug|Any CPU.Build.0 = Debug|Any CPU
		{6B211752-AD90-6F97-9691-026CC79CEE13}.Release|Any CPU.ActiveCfg = Release|Any CPU
		{6B211752-AD90-6F97-9691-026CC79CEE13}.Release|Any CPU.Build.0 = Release|Any CPU
	EndGlobalSection
	GlobalSection(SolutionProperties) = preSolution
		HideSolutionNode = FALSE
	EndGlobalSection
	GlobalSection(ExtensibilityGlobals) = postSolution
		SolutionGuid = {D0E38FCE-DF7A-4578-9B7B-2A5503A8DE1A}
	EndGlobalSection
EndGlobal
