Microsoft Visual Studio Solution File, Format Version 12.00
# Visual Studio Version 17
VisualStudioVersion = 17.5.2.0
MinimumVisualStudioVersion = 10.0.40219.1
Project("{FAE04EC0-301F-11D3-BF4B-00C04F79EFBC}") = "UT3p1", "UT3p1.csproj", "{CEBAB0FC-2C96-076A-35C0-3ABC8779730B}"
EndProject
Global
	GlobalSection(SolutionConfigurationPlatforms) = preSolution
		Debug|Any CPU = Debug|Any CPU
		Release|Any CPU = Release|Any CPU
	EndGlobalSection
	GlobalSection(ProjectConfigurationPlatforms) = postSolution
		{CEBAB0FC-2C96-076A-35C0-3ABC8779730B}.Debug|Any CPU.ActiveCfg = Debug|Any CPU
		{CEBAB0FC-2C96-076A-35C0-3ABC8779730B}.Debug|Any CPU.Build.0 = Debug|Any CPU
		{CEBAB0FC-2C96-076A-35C0-3ABC8779730B}.Release|Any CPU.ActiveCfg = Release|Any CPU
		{CEBAB0FC-2C96-076A-35C0-3ABC8779730B}.Release|Any CPU.Build.0 = Release|Any CPU
	EndGlobalSection
	GlobalSection(SolutionProperties) = preSolution
		HideSolutionNode = FALSE
	EndGlobalSection
	GlobalSection(ExtensibilityGlobals) = postSolution
		SolutionGuid = {AB8E2629-E5AB-4250-95DC-ED7356EC1A31}
	EndGlobalSection
EndGlobal
