Microsoft Visual Studio Solution File, Format Version 12.00
# Visual Studio Version 17
VisualStudioVersion = 17.5.2.0
MinimumVisualStudioVersion = 10.0.40219.1
Project("{FAE04EC0-301F-11D3-BF4B-00C04F79EFBC}") = "8 guardo resultados en listas variables", "8 guardo resultados en listas variables.csproj", "{23A88ECF-7C45-C541-E468-071CD4440E7B}"
EndProject
Global
	GlobalSection(SolutionConfigurationPlatforms) = preSolution
		Debug|Any CPU = Debug|Any CPU
		Release|Any CPU = Release|Any CPU
	EndGlobalSection
	GlobalSection(ProjectConfigurationPlatforms) = postSolution
		{23A88ECF-7C45-C541-E468-071CD4440E7B}.Debug|Any CPU.ActiveCfg = Debug|Any CPU
		{23A88ECF-7C45-C541-E468-071CD4440E7B}.Debug|Any CPU.Build.0 = Debug|Any CPU
		{23A88ECF-7C45-C541-E468-071CD4440E7B}.Release|Any CPU.ActiveCfg = Release|Any CPU
		{23A88ECF-7C45-C541-E468-071CD4440E7B}.Release|Any CPU.Build.0 = Release|Any CPU
	EndGlobalSection
	GlobalSection(SolutionProperties) = preSolution
		HideSolutionNode = FALSE
	EndGlobalSection
	GlobalSection(ExtensibilityGlobals) = postSolution
		SolutionGuid = {EE78D012-427F-4557-90AF-CCF8F6E7DBE7}
	EndGlobalSection
EndGlobal
