Microsoft Visual Studio Solution File, Format Version 12.00
# Visual Studio Version 17
VisualStudioVersion = 17.5.2.0
MinimumVisualStudioVersion = 10.0.40219.1
Project("{FAE04EC0-301F-11D3-BF4B-00C04F79EFBC}") = "4 primeras funciones", "4 primeras funciones.csproj", "{5BAD54E6-28B0-3C9A-E0FB-842107C9BD37}"
EndProject
Global
	GlobalSection(SolutionConfigurationPlatforms) = preSolution
		Debug|Any CPU = Debug|Any CPU
		Release|Any CPU = Release|Any CPU
	EndGlobalSection
	GlobalSection(ProjectConfigurationPlatforms) = postSolution
		{5BAD54E6-28B0-3C9A-E0FB-842107C9BD37}.Debug|Any CPU.ActiveCfg = Debug|Any CPU
		{5BAD54E6-28B0-3C9A-E0FB-842107C9BD37}.Debug|Any CPU.Build.0 = Debug|Any CPU
		{5BAD54E6-28B0-3C9A-E0FB-842107C9BD37}.Release|Any CPU.ActiveCfg = Release|Any CPU
		{5BAD54E6-28B0-3C9A-E0FB-842107C9BD37}.Release|Any CPU.Build.0 = Release|Any CPU
	EndGlobalSection
	GlobalSection(SolutionProperties) = preSolution
		HideSolutionNode = FALSE
	EndGlobalSection
	GlobalSection(ExtensibilityGlobals) = postSolution
		SolutionGuid = {255BDD2C-BAE1-4216-9F07-868BA5559B12}
	EndGlobalSection
EndGlobal
